// !$*UTF8*$!
{
	archiveVersion = 1;
	classes = {
	};
	objectVersion = 77;
	objects = {

/* Begin PBXContainerItemProxy section */
		78B50A9A2D7BE9F4001F1C69 /* PBXContainerItemProxy */ = {
			isa = PBXContainerItemProxy;
			containerPortal = 78B50A7C2D7BE9F3001F1C69 /* Project object */;
			proxyType = 1;
			remoteGlobalIDString = 78B50A832D7BE9F3001F1C69;
			remoteInfo = PLMPruebaTecnica;
		};
		78B50AA42D7BE9F4001F1C69 /* PBXContainerItemProxy */ = {
			isa = PBXContainerItemProxy;
			containerPortal = 78B50A7C2D7BE9F3001F1C69 /* Project object */;
			proxyType = 1;
			remoteGlobalIDString = 78B50A832D7BE9F3001F1C69;
			remoteInfo = PLMPruebaTecnica;
		};
/* End PBXContainerItemProxy section */

/* Begin PBXFileReference section */
		78B50A842D7BE9F3001F1C69 /* PLMPruebaTecnica.app */ = {isa = PBXFileReference; explicitFileType = wrapper.application; includeInIndex = 0; path = PLMPruebaTecnica.app; sourceTree = BUILT_PRODUCTS_DIR; };
		78B50A992D7BE9F4001F1C69 /* PLMPruebaTecnicaTests.xctest */ = {isa = PBXFileReference; explicitFileType = wrapper.cfbundle; includeInIndex = 0; path = PLMPruebaTecnicaTests.xctest; sourceTree = BUILT_PRODUCTS_DIR; };
		78B50AA32D7BE9F4001F1C69 /* PLMPruebaTecnicaUITests.xctest */ = {isa = PBXFileReference; explicitFileType = wrapper.cfbundle; includeInIndex = 0; path = PLMPruebaTecnicaUITests.xctest; sourceTree = BUILT_PRODUCTS_DIR; };
/* End PBXFileReference section */

/* Begin PBXFileSystemSynchronizedRootGroup section */
		78B50A862D7BE9F3001F1C69 /* PLMPruebaTecnica */ = {
			isa = PBXFileSystemSynchronizedRootGroup;
			path = PLMPruebaTecnica;
			sourceTree = "<group>";
		};
		78B50A9C2D7BE9F4001F1C69 /* PLMPruebaTecnicaTests */ = {
			isa = PBXFileSystemSynchronizedRootGroup;
			path = PLMPruebaTecnicaTests;
			sourceTree = "<group>";
		};
		78B50AA62D7BE9F4001F1C69 /* PLMPruebaTecnicaUITests */ = {
			isa = PBXFileSystemSynchronizedRootGroup;
			path = PLMPruebaTecnicaUITests;
			sourceTree = "<group>";
		};
/* End PBXFileSystemSynchronizedRootGroup section */

/* Begin PBXFrameworksBuildPhase section */
		78B50A812D7BE9F3001F1C69 /* Frameworks */ = {
			isa = PBXFrameworksBuildPhase;
			buildActionMask = 2147483647;
			files = (
			);
			runOnlyForDeploymentPostprocessing = 0;
		};
		78B50A962D7BE9F4001F1C69 /* Frameworks */ = {
			isa = PBXFrameworksBuildPhase;
			buildActionMask = 2147483647;
			files = (
			);
			runOnlyForDeploymentPostprocessing = 0;
		};
		78B50AA02D7BE9F4001F1C69 /* Frameworks */ = {
			isa = PBXFrameworksBuildPhase;
			buildActionMask = 2147483647;
			files = (
			);
			runOnlyForDeploymentPostprocessing = 0;
		};
/* End PBXFrameworksBuildPhase section */

/* Begin PBXGroup section */
		78B50A7B2D7BE9F3001F1C69 = {
			isa = PBXGroup;
			children = (
				78B50A862D7BE9F3001F1C69 /* PLMPruebaTecnica */,
				78B50A9C2D7BE9F4001F1C69 /* PLMPruebaTecnicaTests */,
				78B50AA62D7BE9F4001F1C69 /* PLMPruebaTecnicaUITests */,
				78B50A852D7BE9F3001F1C69 /* Products */,
			);
			sourceTree = "<group>";
		};
		78B50A852D7BE9F3001F1C69 /* Products */ = {
			isa = PBXGroup;
			children = (
				78B50A842D7BE9F3001F1C69 /* PLMPruebaTecnica.app */,
				78B50A992D7BE9F4001F1C69 /* PLMPruebaTecnicaTests.xctest */,
				78B50AA32D7BE9F4001F1C69 /* PLMPruebaTecnicaUITests.xctest */,
			);
			name = Products;
			sourceTree = "<group>";
		};
/* End PBXGroup section */

/* Begin PBXNativeTarget section */
		78B50A832D7BE9F3001F1C69 /* PLMPruebaTecnica */ = {
			isa = PBXNativeTarget;
			buildConfigurationList = 78B50AAD2D7BE9F4001F1C69 /* Build configuration list for PBXNativeTarget "PLMPruebaTecnica" */;
			buildPhases = (
				78B50A802D7BE9F3001F1C69 /* Sources */,
				78B50A812D7BE9F3001F1C69 /* Frameworks */,
				78B50A822D7BE9F3001F1C69 /* Resources */,
			);
			buildRules = (
			);
			dependencies = (
			);
			fileSystemSynchronizedGroups = (
				78B50A862D7BE9F3001F1C69 /* PLMPruebaTecnica */,
			);
			name = PLMPruebaTecnica;
			packageProductDependencies = (
			);
			productName = PLMPruebaTecnica;
			productReference = 78B50A842D7BE9F3001F1C69 /* PLMPruebaTecnica.app */;
			productType = "com.apple.product-type.application";
		};
		78B50A982D7BE9F4001F1C69 /* PLMPruebaTecnicaTests */ = {
			isa = PBXNativeTarget;
			buildConfigurationList = 78B50AB02D7BE9F4001F1C69 /* Build configuration list for PBXNativeTarget "PLMPruebaTecnicaTests" */;
			buildPhases = (
				78B50A952D7BE9F4001F1C69 /* Sources */,
				78B50A962D7BE9F4001F1C69 /* Frameworks */,
				78B50A972D7BE9F4001F1C69 /* Resources */,
			);
			buildRules = (
			);
			dependencies = (
				78B50A9B2D7BE9F4001F1C69 /* PBXTargetDependency */,
			);
			fileSystemSynchronizedGroups = (
				78B50A9C2D7BE9F4001F1C69 /* PLMPruebaTecnicaTests */,
			);
			name = PLMPruebaTecnicaTests;
			packageProductDependencies = (
			);
			productName = PLMPruebaTecnicaTests;
			productReference = 78B50A992D7BE9F4001F1C69 /* PLMPruebaTecnicaTests.xctest */;
			productType = "com.apple.product-type.bundle.unit-test";
		};
		78B50AA22D7BE9F4001F1C69 /* PLMPruebaTecnicaUITests */ = {
			isa = PBXNativeTarget;
			buildConfigurationList = 78B50AB32D7BE9F4001F1C69 /* Build configuration list for PBXNativeTarget "PLMPruebaTecnicaUITests" */;
			buildPhases = (
				78B50A9F2D7BE9F4001F1C69 /* Sources */,
				78B50AA02D7BE9F4001F1C69 /* Frameworks */,
				78B50AA12D7BE9F4001F1C69 /* Resources */,
			);
			buildRules = (
			);
			dependencies = (
				78B50AA52D7BE9F4001F1C69 /* PBXTargetDependency */,
			);
			fileSystemSynchronizedGroups = (
				78B50AA62D7BE9F4001F1C69 /* PLMPruebaTecnicaUITests */,
			);
			name = PLMPruebaTecnicaUITests;
			packageProductDependencies = (
			);
			productName = PLMPruebaTecnicaUITests;
			productReference = 78B50AA32D7BE9F4001F1C69 /* PLMPruebaTecnicaUITests.xctest */;
			productType = "com.apple.product-type.bundle.ui-testing";
		};
/* End PBXNativeTarget section */

/* Begin PBXProject section */
		78B50A7C2D7BE9F3001F1C69 /* Project object */ = {
			isa = PBXProject;
			attributes = {
				BuildIndependentTargetsInParallel = 1;
				LastSwiftUpdateCheck = 1620;
				LastUpgradeCheck = 1620;
				TargetAttributes = {
					78B50A832D7BE9F3001F1C69 = {
						CreatedOnToolsVersion = 16.2;
					};
					78B50A982D7BE9F4001F1C69 = {
						CreatedOnToolsVersion = 16.2;
						TestTargetID = 78B50A832D7BE9F3001F1C69;
					};
					78B50AA22D7BE9F4001F1C69 = {
						CreatedOnToolsVersion = 16.2;
						TestTargetID = 78B50A832D7BE9F3001F1C69;
					};
				};
			};
			buildConfigurationList = 78B50A7F2D7BE9F3001F1C69 /* Build configuration list for PBXProject "PLMPruebaTecnica" */;
			developmentRegion = en;
			hasScannedForEncodings = 0;
			knownRegions = (
				en,
				Base,
			);
			mainGroup = 78B50A7B2D7BE9F3001F1C69;
			minimizedProjectReferenceProxies = 1;
			packageReferences = (
				78B50AB62D7BEF0F001F1C69 /* XCRemoteSwiftPackageReference "Swinject" */,
			);
			preferredProjectObjectVersion = 77;
			productRefGroup = 78B50A852D7BE9F3001F1C69 /* Products */;
			projectDirPath = "";
			projectRoot = "";
			targets = (
				78B50A832D7BE9F3001F1C69 /* PLMPruebaTecnica */,
				78B50A982D7BE9F4001F1C69 /* PLMPruebaTecnicaTests */,
				78B50AA22D7BE9F4001F1C69 /* PLMPruebaTecnicaUITests */,
			);
		};
/* End PBXProject section */

/* Begin PBXResourcesBuildPhase section */
		78B50A822D7BE9F3001F1C69 /* Resources */ = {
			isa = PBXResourcesBuildPhase;
			buildActionMask = 2147483647;
			files = (
			);
			runOnlyForDeploymentPostprocessing = 0;
		};
		78B50A972D7BE9F4001F1C69 /* Resources */ = {
			isa = PBXResourcesBuildPhase;
			buildActionMask = 2147483647;
			files = (
			);
			runOnlyForDeploymentPostprocessing = 0;
		};
		78B50AA12D7BE9F4001F1C69 /* Resources */ = {
			isa = PBXResourcesBuildPhase;
			buildActionMask = 2147483647;
			files = (
			);
			runOnlyForDeploymentPostprocessing = 0;
		};
/* End PBXResourcesBuildPhase section */

/* Begin PBXSourcesBuildPhase section */
		78B50A802D7BE9F3001F1C69 /* Sources */ = {
			isa = PBXSourcesBuildPhase;
			buildActionMask = 2147483647;
			files = (
			);
			runOnlyForDeploymentPostprocessing = 0;
		};
		78B50A952D7BE9F4001F1C69 /* Sources */ = {
			isa = PBXSourcesBuildPhase;
			buildActionMask = 2147483647;
			files = (
			);
			runOnlyForDeploymentPostprocessing = 0;
		};
		78B50A9F2D7BE9F4001F1C69 /* Sources */ = {
			isa = PBXSourcesBuildPhase;
			buildActionMask = 2147483647;
			files = (
			);
			runOnlyForDeploymentPostprocessing = 0;
		};
/* End PBXSourcesBuildPhase section */

/* Begin PBXTargetDependency section */
		78B50A9B2D7BE9F4001F1C69 /* PBXTargetDependency */ = {
			isa = PBXTargetDependency;
			target = 78B50A832D7BE9F3001F1C69 /* PLMPruebaTecnica */;
			targetProxy = 78B50A9A2D7BE9F4001F1C69 /* PBXContainerItemProxy */;
		};
		78B50AA52D7BE9F4001F1C69 /* PBXTargetDependency */ = {
			isa = PBXTargetDependency;
			target = 78B50A832D7BE9F3001F1C69 /* PLMPruebaTecnica */;
			targetProxy = 78B50AA42D7BE9F4001F1C69 /* PBXContainerItemProxy */;
		};
/* End PBXTargetDependency section */

/* Begin XCBuildConfiguration section */
		78B50AAB2D7BE9F4001F1C69 /* Debug */ = {
			isa = XCBuildConfiguration;
			buildSettings = {
				ALWAYS_SEARCH_USER_PATHS = NO;
				ASSETCATALOG_COMPILER_GENERATE_SWIFT_ASSET_SYMBOL_EXTENSIONS = YES;
				CLANG_ANALYZER_NONNULL = YES;
				CLANG_ANALYZER_NUMBER_OBJECT_CONVERSION = YES_AGGRESSIVE;
				CLANG_CXX_LANGUAGE_STANDARD = "gnu++20";
				CLANG_ENABLE_MODULES = YES;
				CLANG_ENABLE_OBJC_ARC = YES;
				CLANG_ENABLE_OBJC_WEAK = YES;
				CLANG_WARN_BLOCK_CAPTURE_AUTORELEASING = YES;
				CLANG_WARN_BOOL_CONVERSION = YES;
				CLANG_WARN_COMMA = YES;
				CLANG_WARN_CONSTANT_CONVERSION = YES;
				CLANG_WARN_DEPRECATED_OBJC_IMPLEMENTATIONS = YES;
				CLANG_WARN_DIRECT_OBJC_ISA_USAGE = YES_ERROR;
				CLANG_WARN_DOCUMENTATION_COMMENTS = YES;
				CLANG_WARN_EMPTY_BODY = YES;
				CLANG_WARN_ENUM_CONVERSION = YES;
				CLANG_WARN_INFINITE_RECURSION = YES;
				CLANG_WARN_INT_CONVERSION = YES;
				CLANG_WARN_NON_LITERAL_NULL_CONVERSION = YES;
				CLANG_WARN_OBJC_IMPLICIT_RETAIN_SELF = YES;
				CLANG_WARN_OBJC_LITERAL_CONVERSION = YES;
				CLANG_WARN_OBJC_ROOT_CLASS = YES_ERROR;
				CLANG_WARN_QUOTED_INCLUDE_IN_FRAMEWORK_HEADER = YES;
				CLANG_WARN_RANGE_LOOP_ANALYSIS = YES;
				CLANG_WARN_STRICT_PROTOTYPES = YES;
				CLANG_WARN_SUSPICIOUS_MOVE = YES;
				CLANG_WARN_UNGUARDED_AVAILABILITY = YES_AGGRESSIVE;
				CLANG_WARN_UNREACHABLE_CODE = YES;
				CLANG_WARN__DUPLICATE_METHOD_MATCH = YES;
				COPY_PHASE_STRIP = NO;
				DEBUG_INFORMATION_FORMAT = dwarf;
				ENABLE_STRICT_OBJC_MSGSEND = YES;
				ENABLE_TESTABILITY = YES;
				ENABLE_USER_SCRIPT_SANDBOXING = YES;
				GCC_C_LANGUAGE_STANDARD = gnu17;
				GCC_DYNAMIC_NO_PIC = NO;
				GCC_NO_COMMON_BLOCKS = YES;
				GCC_OPTIMIZATION_LEVEL = 0;
				GCC_PREPROCESSOR_DEFINITIONS = (
					"DEBUG=1",
					"$(inherited)",
				);
				GCC_WARN_64_TO_32_BIT_CONVERSION = YES;
				GCC_WARN_ABOUT_RETURN_TYPE = YES_ERROR;
				GCC_WARN_UNDECLARED_SELECTOR = YES;
				GCC_WARN_UNINITIALIZED_AUTOS = YES_AGGRESSIVE;
				GCC_WARN_UNUSED_FUNCTION = YES;
				GCC_WARN_UNUSED_VARIABLE = YES;
				IPHONEOS_DEPLOYMENT_TARGET = 18.2;
				LOCALIZATION_PREFERS_STRING_CATALOGS = YES;
				MTL_ENABLE_DEBUG_INFO = INCLUDE_SOURCE;
				MTL_FAST_MATH = YES;
				ONLY_ACTIVE_ARCH = YES;
				SDKROOT = iphoneos;
				SWIFT_ACTIVE_COMPILATION_CONDITIONS = "DEBUG $(inherited)";
				SWIFT_OPTIMIZATION_LEVEL = "-Onone";
			};
			name = Debug;
		};
		78B50AAC2D7BE9F4001F1C69 /* Release */ = {
			isa = XCBuildConfiguration;
			buildSettings = {
				ALWAYS_SEARCH_USER_PATHS = NO;
				ASSETCATALOG_COMPILER_GENERATE_SWIFT_ASSET_SYMBOL_EXTENSIONS = YES;
				CLANG_ANALYZER_NONNULL = YES;
				CLANG_ANALYZER_NUMBER_OBJECT_CONVERSION = YES_AGGRESSIVE;
				CLANG_CXX_LANGUAGE_STANDARD = "gnu++20";
				CLANG_ENABLE_MODULES = YES;
				CLANG_ENABLE_OBJC_ARC = YES;
				CLANG_ENABLE_OBJC_WEAK = YES;
				CLANG_WARN_BLOCK_CAPTURE_AUTORELEASING = YES;
				CLANG_WARN_BOOL_CONVERSION = YES;
				CLANG_WARN_COMMA = YES;
				CLANG_WARN_CONSTANT_CONVERSION = YES;
				CLANG_WARN_DEPRECATED_OBJC_IMPLEMENTATIONS = YES;
				CLANG_WARN_DIRECT_OBJC_ISA_USAGE = YES_ERROR;
				CLANG_WARN_DOCUMENTATION_COMMENTS = YES;
				CLANG_WARN_EMPTY_BODY = YES;
				CLANG_WARN_ENUM_CONVERSION = YES;
				CLANG_WARN_INFINITE_RECURSION = YES;
				CLANG_WARN_INT_CONVERSION = YES;
				CLANG_WARN_NON_LITERAL_NULL_CONVERSION = YES;
				CLANG_WARN_OBJC_IMPLICIT_RETAIN_SELF = YES;
				CLANG_WARN_OBJC_LITERAL_CONVERSION = YES;
				CLANG_WARN_OBJC_ROOT_CLASS = YES_ERROR;
				CLANG_WARN_QUOTED_INCLUDE_IN_FRAMEWORK_HEADER = YES;
				CLANG_WARN_RANGE_LOOP_ANALYSIS = YES;
				CLANG_WARN_STRICT_PROTOTYPES = YES;
				CLANG_WARN_SUSPICIOUS_MOVE = YES;
				CLANG_WARN_UNGUARDED_AVAILABILITY = YES_AGGRESSIVE;
				CLANG_WARN_UNREACHABLE_CODE = YES;
				CLANG_WARN__DUPLICATE_METHOD_MATCH = YES;
				COPY_PHASE_STRIP = NO;
				DEBUG_INFORMATION_FORMAT = "dwarf-with-dsym";
				ENABLE_NS_ASSERTIONS = NO;
				ENABLE_STRICT_OBJC_MSGSEND = YES;
				ENABLE_USER_SCRIPT_SANDBOXING = YES;
				GCC_C_LANGUAGE_STANDARD = gnu17;
				GCC_NO_COMMON_BLOCKS = YES;
				GCC_WARN_64_TO_32_BIT_CONVERSION = YES;
				GCC_WARN_ABOUT_RETURN_TYPE = YES_ERROR;
				GCC_WARN_UNDECLARED_SELECTOR = YES;
				GCC_WARN_UNINITIALIZED_AUTOS = YES_AGGRESSIVE;
				GCC_WARN_UNUSED_FUNCTION = YES;
				GCC_WARN_UNUSED_VARIABLE = YES;
				IPHONEOS_DEPLOYMENT_TARGET = 18.2;
				LOCALIZATION_PREFERS_STRING_CATALOGS = YES;
				MTL_ENABLE_DEBUG_INFO = NO;
				MTL_FAST_MATH = YES;
				SDKROOT = iphoneos;
				SWIFT_COMPILATION_MODE = wholemodule;
				VALIDATE_PRODUCT = YES;
			};
			name = Release;
		};
		78B50AAE2D7BE9F4001F1C69 /* Debug */ = {
			isa = XCBuildConfiguration;
			buildSettings = {
				ASSETCATALOG_COMPILER_APPICON_NAME = AppIcon;
				ASSETCATALOG_COMPILER_GLOBAL_ACCENT_COLOR_NAME = AccentColor;
				CODE_SIGN_STYLE = Automatic;
				CURRENT_PROJECT_VERSION = 1;
				DEVELOPMENT_ASSET_PATHS = "\"PLMPruebaTecnica/Preview Content\"";
				ENABLE_PREVIEWS = YES;
				GENERATE_INFOPLIST_FILE = YES;
				INFOPLIST_KEY_UIApplicationSceneManifest_Generation = YES;
				INFOPLIST_KEY_UIApplicationSupportsIndirectInputEvents = YES;
				INFOPLIST_KEY_UILaunchScreen_Generation = YES;
				INFOPLIST_KEY_UISupportedInterfaceOrientations_iPad = "UIInterfaceOrientationPortrait UIInterfaceOrientationPortraitUpsideDown UIInterfaceOrientationLandscapeLeft UIInterfaceOrientationLandscapeRight";
				INFOPLIST_KEY_UISupportedInterfaceOrientations_iPhone = "UIInterfaceOrientationPortrait UIInterfaceOrientationLandscapeLeft UIInterfaceOrientationLandscapeRight";
				LD_RUNPATH_SEARCH_PATHS = (
					"$(inherited)",
					"@executable_path/Frameworks",
				);
				MARKETING_VERSION = 1.0;
				PRODUCT_BUNDLE_IDENTIFIER = com.sabigny.PLMPruebaTecnica;
				PRODUCT_NAME = "$(TARGET_NAME)";
				SWIFT_EMIT_LOC_STRINGS = YES;
				SWIFT_VERSION = 5.0;
				TARGETED_DEVICE_FAMILY = "1,2";
			};
			name = Debug;
		};
		78B50AAF2D7BE9F4001F1C69 /* Release */ = {
			isa = XCBuildConfiguration;
			buildSettings = {
				ASSETCATALOG_COMPILER_APPICON_NAME = AppIcon;
				ASSETCATALOG_COMPILER_GLOBAL_ACCENT_COLOR_NAME = AccentColor;
				CODE_SIGN_STYLE = Automatic;
				CURRENT_PROJECT_VERSION = 1;
				DEVELOPMENT_ASSET_PATHS = "\"PLMPruebaTecnica/Preview Content\"";
				ENABLE_PREVIEWS = YES;
				GENERATE_INFOPLIST_FILE = YES;
				INFOPLIST_KEY_UIApplicationSceneManifest_Generation = YES;
				INFOPLIST_KEY_UIApplicationSupportsIndirectInputEvents = YES;
				INFOPLIST_KEY_UILaunchScreen_Generation = YES;
				INFOPLIST_KEY_UISupportedInterfaceOrientations_iPad = "UIInterfaceOrientationPortrait UIInterfaceOrientationPortraitUpsideDown UIInterfaceOrientationLandscapeLeft UIInterfaceOrientationLandscapeRight";
				INFOPLIST_KEY_UISupportedInterfaceOrientations_iPhone = "UIInterfaceOrientationPortrait UIInterfaceOrientationLandscapeLeft UIInterfaceOrientationLandscapeRight";
				LD_RUNPATH_SEARCH_PATHS = (
					"$(inherited)",
					"@executable_path/Frameworks",
				);
				MARKETING_VERSION = 1.0;
				PRODUCT_BUNDLE_IDENTIFIER = com.sabigny.PLMPruebaTecnica;
				PRODUCT_NAME = "$(TARGET_NAME)";
				SWIFT_EMIT_LOC_STRINGS = YES;
				SWIFT_VERSION = 5.0;
				TARGETED_DEVICE_FAMILY = "1,2";
			};
			name = Release;
		};
		78B50AB12D7BE9F4001F1C69 /* Debug */ = {
			isa = XCBuildConfiguration;
			buildSettings = {
				BUNDLE_LOADER = "$(TEST_HOST)";
				CODE_SIGN_STYLE = Automatic;
				CURRENT_PROJECT_VERSION = 1;
				GENERATE_INFOPLIST_FILE = YES;
				IPHONEOS_DEPLOYMENT_TARGET = 18.2;
				MARKETING_VERSION = 1.0;
				PRODUCT_BUNDLE_IDENTIFIER = com.sabigny.PLMPruebaTecnicaTests;
				PRODUCT_NAME = "$(TARGET_NAME)";
				SWIFT_EMIT_LOC_STRINGS = NO;
				SWIFT_VERSION = 5.0;
				TARGETED_DEVICE_FAMILY = "1,2";
				TEST_HOST = "$(BUILT_PRODUCTS_DIR)/PLMPruebaTecnica.app/$(BUNDLE_EXECUTABLE_FOLDER_PATH)/PLMPruebaTecnica";
			};
			name = Debug;
		};
		78B50AB22D7BE9F4001F1C69 /* Release */ = {
			isa = XCBuildConfiguration;
			buildSettings = {
				BUNDLE_LOADER = "$(TEST_HOST)";
				CODE_SIGN_STYLE = Automatic;
				CURRENT_PROJECT_VERSION = 1;
				GENERATE_INFOPLIST_FILE = YES;
				IPHONEOS_DEPLOYMENT_TARGET = 18.2;
				MARKETING_VERSION = 1.0;
				PRODUCT_BUNDLE_IDENTIFIER = com.sabigny.PLMPruebaTecnicaTests;
				PRODUCT_NAME = "$(TARGET_NAME)";
				SWIFT_EMIT_LOC_STRINGS = NO;
				SWIFT_VERSION = 5.0;
				TARGETED_DEVICE_FAMILY = "1,2";
				TEST_HOST = "$(BUILT_PRODUCTS_DIR)/PLMPruebaTecnica.app/$(BUNDLE_EXECUTABLE_FOLDER_PATH)/PLMPruebaTecnica";
			};
			name = Release;
		};
		78B50AB42D7BE9F4001F1C69 /* Debug */ = {
			isa = XCBuildConfiguration;
			buildSettings = {
				CODE_SIGN_STYLE = Automatic;
				CURRENT_PROJECT_VERSION = 1;
				GENERATE_INFOPLIST_FILE = YES;
				MARKETING_VERSION = 1.0;
				PRODUCT_BUNDLE_IDENTIFIER = com.sabigny.PLMPruebaTecnicaUITests;
				PRODUCT_NAME = "$(TARGET_NAME)";
				SWIFT_EMIT_LOC_STRINGS = NO;
				SWIFT_VERSION = 5.0;
				TARGETED_DEVICE_FAMILY = "1,2";
				TEST_TARGET_NAME = PLMPruebaTecnica;
			};
			name = Debug;
		};
		78B50AB52D7BE9F4001F1C69 /* Release */ = {
			isa = XCBuildConfiguration;
			buildSettings = {
				CODE_SIGN_STYLE = Automatic;
				CURRENT_PROJECT_VERSION = 1;
				GENERATE_INFOPLIST_FILE = YES;
				MARKETING_VERSION = 1.0;
				PRODUCT_BUNDLE_IDENTIFIER = com.sabigny.PLMPruebaTecnicaUITests;
				PRODUCT_NAME = "$(TARGET_NAME)";
				SWIFT_EMIT_LOC_STRINGS = NO;
				SWIFT_VERSION = 5.0;
				TARGETED_DEVICE_FAMILY = "1,2";
				TEST_TARGET_NAME = PLMPruebaTecnica;
			};
			name = Release;
		};
/* End XCBuildConfiguration section */

/* Begin XCConfigurationList section */
		78B50A7F2D7BE9F3001F1C69 /* Build configuration list for PBXProject "PLMPruebaTecnica" */ = {
			isa = XCConfigurationList;
			buildConfigurations = (
				78B50AAB2D7BE9F4001F1C69 /* Debug */,
				78B50AAC2D7BE9F4001F1C69 /* Release */,
			);
			defaultConfigurationIsVisible = 0;
			defaultConfigurationName = Release;
		};
		78B50AAD2D7BE9F4001F1C69 /* Build configuration list for PBXNativeTarget "PLMPruebaTecnica" */ = {
			isa = XCConfigurationList;
			buildConfigurations = (
				78B50AAE2D7BE9F4001F1C69 /* Debug */,
				78B50AAF2D7BE9F4001F1C69 /* Release */,
			);
			defaultConfigurationIsVisible = 0;
			defaultConfigurationName = Release;
		};
		78B50AB02D7BE9F4001F1C69 /* Build configuration list for PBXNativeTarget "PLMPruebaTecnicaTests" */ = {
			isa = XCConfigurationList;
			buildConfigurations = (
				78B50AB12D7BE9F4001F1C69 /* Debug */,
				78B50AB22D7BE9F4001F1C69 /* Release */,
			);
			defaultConfigurationIsVisible = 0;
			defaultConfigurationName = Release;
		};
		78B50AB32D7BE9F4001F1C69 /* Build configuration list for PBXNativeTarget "PLMPruebaTecnicaUITests" */ = {
			isa = XCConfigurationList;
			buildConfigurations = (
				78B50AB42D7BE9F4001F1C69 /* Debug */,
				78B50AB52D7BE9F4001F1C69 /* Release */,
			);
			defaultConfigurationIsVisible = 0;
			defaultConfigurationName = Release;
		};
/* End XCConfigurationList section */

/* Begin XCRemoteSwiftPackageReference section */
		78B50AB62D7BEF0F001F1C69 /* XCRemoteSwiftPackageReference "Swinject" */ = {
			isa = XCRemoteSwiftPackageReference;
			repositoryURL = "https://github.com/Swinject/Swinject.git";
			requirement = {
				kind = upToNextMajorVersion;
				minimumVersion = 2.9.1;
			};
		};
/* End XCRemoteSwiftPackageReference section */
	};
	rootObject = 78B50A7C2D7BE9F3001F1C69 /* Project object */;
}
